
Microsoft Visual Studio Solution File, Format Version 12.00
# Visual Studio Version 17
VisualStudioVersion = 17.14.36518.9 d17.14
MinimumVisualStudioVersion = 10.0.40219.1
Project("{FAE04EC0-301F-11D3-BF4B-00C04F79EFBC}") = "ProductCrudMVC", "ProductCrudMVC\ProductCrudMVC.csproj", "{E41CE7BB-0678-4B1D-AE92-4C51CA690A00}"
EndProject
Global
	GlobalSection(SolutionConfigurationPlatforms) = preSolution
		Debug|Any CPU = Debug|Any CPU
		Release|Any CPU = Release|Any CPU
	EndGlobalSection
	GlobalSection(ProjectConfigurationPlatforms) = postSolution
		{E41CE7BB-0678-4B1D-AE92-4C51CA690A00}.Debug|Any CPU.ActiveCfg = Debug|Any CPU
		{E41CE7BB-0678-4B1D-AE92-4C51CA690A00}.Debug|Any CPU.Build.0 = Debug|Any CPU
		{E41CE7BB-0678-4B1D-AE92-4C51CA690A00}.Release|Any CPU.ActiveCfg = Release|Any CPU
		{E41CE7BB-0678-4B1D-AE92-4C51CA690A00}.Release|Any CPU.Build.0 = Release|Any CPU
	EndGlobalSection
	GlobalSection(SolutionProperties) = preSolution
		HideSolutionNode = FALSE
	EndGlobalSection
	GlobalSection(ExtensibilityGlobals) = postSolution
		SolutionGuid = {2915E16A-4D22-4C6A-B24C-9DBB61492B81}
	EndGlobalSection
EndGlobal
